
Microsoft Visual Studio Solution File, Format Version 10.00
# Visual Studio 2008
Project("{F184B08F-C81C-45F6-A57F-5ABD9991F28F}") = "SortingArrays", "SortingArrays\SortingArrays.vbproj", "{00B29F77-3BE4-4450-AA11-7572128908E4}"
EndProject
Global
	GlobalSection(SolutionConfigurationPlatforms) = preSolution
		Debug|Any CPU = Debug|Any CPU
		Release|Any CPU = Release|Any CPU
	EndGlobalSection
	GlobalSection(ProjectConfigurationPlatforms) = postSolution
		{00B29F77-3BE4-4450-AA11-7572128908E4}.Debug|Any CPU.ActiveCfg = Debug|Any CPU
		{00B29F77-3BE4-4450-AA11-7572128908E4}.Debug|Any CPU.Build.0 = Debug|Any CPU
		{00B29F77-3BE4-4450-AA11-7572128908E4}.Release|Any CPU.ActiveCfg = Release|Any CPU
		{00B29F77-3BE4-4450-AA11-7572128908E4}.Release|Any CPU.Build.0 = Release|Any CPU
	EndGlobalSection
	GlobalSection(SolutionProperties) = preSolution
		HideSolutionNode = FALSE
	EndGlobalSection
EndGlobal
